
Microsoft Visual Studio Solution File, Format Version 12.00
# Visual Studio 15
VisualStudioVersion = 15.0.27428.2027
MinimumVisualStudioVersion = 10.0.40219.1
Project("{FAE04EC0-301F-11D3-BF4B-00C04F79EFBC}") = "MediaTracker", "TSV Viewer\MediaTracker.csproj", "{A22FB6AE-B311-49A9-8D47-82B22937F769}"
EndProject
Global
	GlobalSection(SolutionConfigurationPlatforms) = preSolution
		Debug|Any CPU = Debug|Any CPU
		Release|Any CPU = Release|Any CPU
	EndGlobalSection
	GlobalSection(ProjectConfigurationPlatforms) = postSolution
		{A22FB6AE-B311-49A9-8D47-82B22937F769}.Debug|Any CPU.ActiveCfg = Debug|Any CPU
		{A22FB6AE-B311-49A9-8D47-82B22937F769}.Debug|Any CPU.Build.0 = Debug|Any CPU
		{A22FB6AE-B311-49A9-8D47-82B22937F769}.Release|Any CPU.ActiveCfg = Debug|Any CPU
		{A22FB6AE-B311-49A9-8D47-82B22937F769}.Release|Any CPU.Build.0 = Debug|Any CPU
	EndGlobalSection
	GlobalSection(SolutionProperties) = preSolution
		HideSolutionNode = FALSE
	EndGlobalSection
	GlobalSection(ExtensibilityGlobals) = postSolution
		SolutionGuid = {F4179313-931B-4F1E-8C7E-778B0EB208E6}
	EndGlobalSection
EndGlobal
